
Microsoft Visual Studio Solution File, Format Version 12.00
# Visual Studio Version 16
VisualStudioVersion = 16.0.31112.23
MinimumVisualStudioVersion = 10.0.40219.1
Project("{8BC9CEB8-8B4A-11D0-8D11-00A0C91BC942}") = "Command", "Command\Command.vcxproj", "{15140525-A9AE-4A00-92B2-BEAC996B0CB2}"
EndProject
Project("{8BC9CEB8-8B4A-11D0-8D11-00A0C91BC942}") = "Interpreter", "Interpreter\Interpreter.vcxproj", "{01BF6C8A-A37A-4A8F-9CAF-3FD8793C409D}"
EndProject
Project("{8BC9CEB8-8B4A-11D0-8D11-00A0C91BC942}") = "Transfer Object", "Transfer Object\Transfer Object.vcxproj", "{0A21E7F4-DAAD-41AC-8742-6FC66207C350}"
EndProject
Project("{8BC9CEB8-8B4A-11D0-8D11-00A0C91BC942}") = "Interpreter_TransferObject", "Interpreter_TransferObject\Interpreter_TransferObject.vcxproj", "{88A94A59-AAB0-4D01-988D-D263F7E3EAD5}"
EndProject
Global
	GlobalSection(SolutionConfigurationPlatforms) = preSolution
		Debug|x64 = Debug|x64
		Debug|x86 = Debug|x86
		Release|x64 = Release|x64
		Release|x86 = Release|x86
	EndGlobalSection
	GlobalSection(ProjectConfigurationPlatforms) = postSolution
		{15140525-A9AE-4A00-92B2-BEAC996B0CB2}.Debug|x64.ActiveCfg = Debug|x64
		{15140525-A9AE-4A00-92B2-BEAC996B0CB2}.Debug|x64.Build.0 = Debug|x64
		{15140525-A9AE-4A00-92B2-BEAC996B0CB2}.Debug|x86.ActiveCfg = Debug|Win32
		{15140525-A9AE-4A00-92B2-BEAC996B0CB2}.Debug|x86.Build.0 = Debug|Win32
		{15140525-A9AE-4A00-92B2-BEAC996B0CB2}.Release|x64.ActiveCfg = Release|x64
		{15140525-A9AE-4A00-92B2-BEAC996B0CB2}.Release|x64.Build.0 = Release|x64
		{15140525-A9AE-4A00-92B2-BEAC996B0CB2}.Release|x86.ActiveCfg = Release|Win32
		{15140525-A9AE-4A00-92B2-BEAC996B0CB2}.Release|x86.Build.0 = Release|Win32
		{01BF6C8A-A37A-4A8F-9CAF-3FD8793C409D}.Debug|x64.ActiveCfg = Debug|x64
		{01BF6C8A-A37A-4A8F-9CAF-3FD8793C409D}.Debug|x64.Build.0 = Debug|x64
		{01BF6C8A-A37A-4A8F-9CAF-3FD8793C409D}.Debug|x86.ActiveCfg = Debug|Win32
		{01BF6C8A-A37A-4A8F-9CAF-3FD8793C409D}.Debug|x86.Build.0 = Debug|Win32
		{01BF6C8A-A37A-4A8F-9CAF-3FD8793C409D}.Release|x64.ActiveCfg = Release|x64
		{01BF6C8A-A37A-4A8F-9CAF-3FD8793C409D}.Release|x64.Build.0 = Release|x64
		{01BF6C8A-A37A-4A8F-9CAF-3FD8793C409D}.Release|x86.ActiveCfg = Release|Win32
		{01BF6C8A-A37A-4A8F-9CAF-3FD8793C409D}.Release|x86.Build.0 = Release|Win32
		{0A21E7F4-DAAD-41AC-8742-6FC66207C350}.Debug|x64.ActiveCfg = Debug|x64
		{0A21E7F4-DAAD-41AC-8742-6FC66207C350}.Debug|x64.Build.0 = Debug|x64
		{0A21E7F4-DAAD-41AC-8742-6FC66207C350}.Debug|x86.ActiveCfg = Debug|Win32
		{0A21E7F4-DAAD-41AC-8742-6FC66207C350}.Debug|x86.Build.0 = Debug|Win32
		{0A21E7F4-DAAD-41AC-8742-6FC66207C350}.Release|x64.ActiveCfg = Release|x64
		{0A21E7F4-DAAD-41AC-8742-6FC66207C350}.Release|x64.Build.0 = Release|x64
		{0A21E7F4-DAAD-41AC-8742-6FC66207C350}.Release|x86.ActiveCfg = Release|Win32
		{0A21E7F4-DAAD-41AC-8742-6FC66207C350}.Release|x86.Build.0 = Release|Win32
		{88A94A59-AAB0-4D01-988D-D263F7E3EAD5}.Debug|x64.ActiveCfg = Debug|x64
		{88A94A59-AAB0-4D01-988D-D263F7E3EAD5}.Debug|x64.Build.0 = Debug|x64
		{88A94A59-AAB0-4D01-988D-D263F7E3EAD5}.Debug|x86.ActiveCfg = Debug|Win32
		{88A94A59-AAB0-4D01-988D-D263F7E3EAD5}.Debug|x86.Build.0 = Debug|Win32
		{88A94A59-AAB0-4D01-988D-D263F7E3EAD5}.Release|x64.ActiveCfg = Release|x64
		{88A94A59-AAB0-4D01-988D-D263F7E3EAD5}.Release|x64.Build.0 = Release|x64
		{88A94A59-AAB0-4D01-988D-D263F7E3EAD5}.Release|x86.ActiveCfg = Release|Win32
		{88A94A59-AAB0-4D01-988D-D263F7E3EAD5}.Release|x86.Build.0 = Release|Win32
	EndGlobalSection
	GlobalSection(SolutionProperties) = preSolution
		HideSolutionNode = FALSE
	EndGlobalSection
	GlobalSection(ExtensibilityGlobals) = postSolution
		SolutionGuid = {22A2A841-77EB-480C-8C07-4AFB3064318E}
	EndGlobalSection
EndGlobal
